Microsoft Visual Studio Solution File, Format Version 12.00
# Visual Studio Version 17
VisualStudioVersion = 17.5.2.0
MinimumVisualStudioVersion = 10.0.40219.1
Project("{FAE04EC0-301F-11D3-BF4B-00C04F79EFBC}") = "02_Sistema_De_Hospedagel_Hotel", "02_Sistema_De_Hospedagel_Hotel.csproj", "{66B5DC3D-F065-A100-A8A7-4B8A79672347}"
EndProject
Global
	GlobalSection(SolutionConfigurationPlatforms) = preSolution
		Debug|Any CPU = Debug|Any CPU
		Release|Any CPU = Release|Any CPU
	EndGlobalSection
	GlobalSection(ProjectConfigurationPlatforms) = postSolution
		{66B5DC3D-F065-A100-A8A7-4B8A79672347}.Debug|Any CPU.ActiveCfg = Debug|Any CPU
		{66B5DC3D-F065-A100-A8A7-4B8A79672347}.Debug|Any CPU.Build.0 = Debug|Any CPU
		{66B5DC3D-F065-A100-A8A7-4B8A79672347}.Release|Any CPU.ActiveCfg = Release|Any CPU
		{66B5DC3D-F065-A100-A8A7-4B8A79672347}.Release|Any CPU.Build.0 = Release|Any CPU
	EndGlobalSection
	GlobalSection(SolutionProperties) = preSolution
		HideSolutionNode = FALSE
	EndGlobalSection
	GlobalSection(ExtensibilityGlobals) = postSolution
		SolutionGuid = {CECE2448-0C77-4AFD-8FBB-D630BAF0D515}
	EndGlobalSection
EndGlobal
